
Microsoft Visual Studio Solution File, Format Version 12.00
# Visual Studio Version 17
VisualStudioVersion = 17.8.34309.116
MinimumVisualStudioVersion = 10.0.40219.1
Project("{FAE04EC0-301F-11D3-BF4B-00C04F79EFBC}") = "EveryWordInQuotationMarksExercise", "EveryWordInQuotationMarksExercise\EveryWordInQuotationMarksExercise.csproj", "{01D83F87-AADB-4B99-831C-9BC8EAB2716D}"
EndProject
Global
	GlobalSection(SolutionConfigurationPlatforms) = preSolution
		Debug|Any CPU = Debug|Any CPU
		Release|Any CPU = Release|Any CPU
	EndGlobalSection
	GlobalSection(ProjectConfigurationPlatforms) = postSolution
		{01D83F87-AADB-4B99-831C-9BC8EAB2716D}.Debug|Any CPU.ActiveCfg = Debug|Any CPU
		{01D83F87-AADB-4B99-831C-9BC8EAB2716D}.Debug|Any CPU.Build.0 = Debug|Any CPU
		{01D83F87-AADB-4B99-831C-9BC8EAB2716D}.Release|Any CPU.ActiveCfg = Release|Any CPU
		{01D83F87-AADB-4B99-831C-9BC8EAB2716D}.Release|Any CPU.Build.0 = Release|Any CPU
	EndGlobalSection
	GlobalSection(SolutionProperties) = preSolution
		HideSolutionNode = FALSE
	EndGlobalSection
	GlobalSection(ExtensibilityGlobals) = postSolution
		SolutionGuid = {F1EE4666-9C07-441A-87B8-3C9FF5EC81B6}
	EndGlobalSection
EndGlobal
